// !$*UTF8*$!
{
	archiveVersion = 1;
	classes = {
	};
	objectVersion = 56;
	objects = {

/* Begin PBXBuildFile section */
		1ABFD0D72B7F147800A678B9 /* BS23iOSPracticalTestApp.swift in Sources */ = {isa = PBXBuildFile; fileRef = 1ABFD0D62B7F147800A678B9 /* BS23iOSPracticalTestApp.swift */; };
		1ABFD0D92B7F147800A678B9 /* ContentView.swift in Sources */ = {isa = PBXBuildFile; fileRef = 1ABFD0D82B7F147800A678B9 /* ContentView.swift */; };
		1ABFD0DB2B7F147A00A678B9 /* Assets.xcassets in Resources */ = {isa = PBXBuildFile; fileRef = 1ABFD0DA2B7F147A00A678B9 /* Assets.xcassets */; };
		1ABFD0DE2B7F147A00A678B9 /* Preview Assets.xcassets in Resources */ = {isa = PBXBuildFile; fileRef = 1ABFD0DD2B7F147A00A678B9 /* Preview Assets.xcassets */; };
		1ABFD0EA2B7F15A100A678B9 /* MovieListView.swift in Sources */ = {isa = PBXBuildFile; fileRef = 1ABFD0E92B7F15A100A678B9 /* MovieListView.swift */; };
		1ABFD0EC2B7F15B600A678B9 /* MovieListViewModel.swift in Sources */ = {isa = PBXBuildFile; fileRef = 1ABFD0EB2B7F15B600A678B9 /* MovieListViewModel.swift */; };
		1ABFD0EE2B7F15CB00A678B9 /* MovieListItemView.swift in Sources */ = {isa = PBXBuildFile; fileRef = 1ABFD0ED2B7F15CB00A678B9 /* MovieListItemView.swift */; };
		1ABFD0F02B7F15DE00A678B9 /* MovieListItemViewModel.swift in Sources */ = {isa = PBXBuildFile; fileRef = 1ABFD0EF2B7F15DE00A678B9 /* MovieListItemViewModel.swift */; };
/* End PBXBuildFile section */

/* Begin PBXFileReference section */
		1ABFD0D32B7F147800A678B9 /* BS23iOSPracticalTest.app */ = {isa = PBXFileReference; explicitFileType = wrapper.application; includeInIndex = 0; path = BS23iOSPracticalTest.app; sourceTree = BUILT_PRODUCTS_DIR; };
		1ABFD0D62B7F147800A678B9 /* BS23iOSPracticalTestApp.swift */ = {isa = PBXFileReference; lastKnownFileType = sourcecode.swift; path = BS23iOSPracticalTestApp.swift; sourceTree = "<group>"; };
		1ABFD0D82B7F147800A678B9 /* ContentView.swift */ = {isa = PBXFileReference; lastKnownFileType = sourcecode.swift; path = ContentView.swift; sourceTree = "<group>"; };
		1ABFD0DA2B7F147A00A678B9 /* Assets.xcassets */ = {isa = PBXFileReference; lastKnownFileType = folder.assetcatalog; path = Assets.xcassets; sourceTree = "<group>"; };
		1ABFD0DD2B7F147A00A678B9 /* Preview Assets.xcassets */ = {isa = PBXFileReference; lastKnownFileType = folder.assetcatalog; path = "Preview Assets.xcassets"; sourceTree = "<group>"; };
		1ABFD0E92B7F15A100A678B9 /* MovieListView.swift */ = {isa = PBXFileReference; lastKnownFileType = sourcecode.swift; path = MovieListView.swift; sourceTree = "<group>"; };
		1ABFD0EB2B7F15B600A678B9 /* MovieListViewModel.swift */ = {isa = PBXFileReference; lastKnownFileType = sourcecode.swift; path = MovieListViewModel.swift; sourceTree = "<group>"; };
		1ABFD0ED2B7F15CB00A678B9 /* MovieListItemView.swift */ = {isa = PBXFileReference; lastKnownFileType = sourcecode.swift; path = MovieListItemView.swift; sourceTree = "<group>"; };
		1ABFD0EF2B7F15DE00A678B9 /* MovieListItemViewModel.swift */ = {isa = PBXFileReference; lastKnownFileType = sourcecode.swift; path = MovieListItemViewModel.swift; sourceTree = "<group>"; };
/* End PBXFileReference section */

/* Begin PBXFrameworksBuildPhase section */
		1ABFD0D02B7F147800A678B9 /* Frameworks */ = {
			isa = PBXFrameworksBuildPhase;
			buildActionMask = 2147483647;
			files = (
			);
			runOnlyForDeploymentPostprocessing = 0;
		};
/* End PBXFrameworksBuildPhase section */

/* Begin PBXGroup section */
		1ABFD0CA2B7F147800A678B9 = {
			isa = PBXGroup;
			children = (
				1ABFD0D52B7F147800A678B9 /* BS23iOSPracticalTest */,
				1ABFD0D42B7F147800A678B9 /* Products */,
			);
			sourceTree = "<group>";
		};
		1ABFD0D42B7F147800A678B9 /* Products */ = {
			isa = PBXGroup;
			children = (
				1ABFD0D32B7F147800A678B9 /* BS23iOSPracticalTest.app */,
			);
			name = Products;
			sourceTree = "<group>";
		};
		1ABFD0D52B7F147800A678B9 /* BS23iOSPracticalTest */ = {
			isa = PBXGroup;
			children = (
				1ABFD0E42B7F151600A678B9 /* FeatureMovieListFiles */,
				1ABFD0D62B7F147800A678B9 /* BS23iOSPracticalTestApp.swift */,
				1ABFD0D82B7F147800A678B9 /* ContentView.swift */,
				1ABFD0DA2B7F147A00A678B9 /* Assets.xcassets */,
				1ABFD0DC2B7F147A00A678B9 /* Preview Content */,
			);
			path = BS23iOSPracticalTest;
			sourceTree = "<group>";
		};
		1ABFD0DC2B7F147A00A678B9 /* Preview Content */ = {
			isa = PBXGroup;
			children = (
				1ABFD0DD2B7F147A00A678B9 /* Preview Assets.xcassets */,
			);
			path = "Preview Content";
			sourceTree = "<group>";
		};
		1ABFD0E42B7F151600A678B9 /* FeatureMovieListFiles */ = {
			isa = PBXGroup;
			children = (
				1ABFD0E82B7F154800A678B9 /* Helpers */,
				1ABFD0E62B7F153900A678B9 /* Models */,
				1ABFD0E72B7F153F00A678B9 /* Viewmodels */,
				1ABFD0E52B7F153300A678B9 /* Views */,
			);
			path = FeatureMovieListFiles;
			sourceTree = "<group>";
		};
		1ABFD0E52B7F153300A678B9 /* Views */ = {
			isa = PBXGroup;
			children = (
				1ABFD0E92B7F15A100A678B9 /* MovieListView.swift */,
				1ABFD0ED2B7F15CB00A678B9 /* MovieListItemView.swift */,
			);
			path = Views;
			sourceTree = "<group>";
		};
		1ABFD0E62B7F153900A678B9 /* Models */ = {
			isa = PBXGroup;
			children = (
			);
			path = Models;
			sourceTree = "<group>";
		};
		1ABFD0E72B7F153F00A678B9 /* Viewmodels */ = {
			isa = PBXGroup;
			children = (
				1ABFD0EB2B7F15B600A678B9 /* MovieListViewModel.swift */,
				1ABFD0EF2B7F15DE00A678B9 /* MovieListItemViewModel.swift */,
			);
			path = Viewmodels;
			sourceTree = "<group>";
		};
		1ABFD0E82B7F154800A678B9 /* Helpers */ = {
			isa = PBXGroup;
			children = (
			);
			path = Helpers;
			sourceTree = "<group>";
		};
/* End PBXGroup section */

/* Begin PBXNativeTarget section */
		1ABFD0D22B7F147800A678B9 /* BS23iOSPracticalTest */ = {
			isa = PBXNativeTarget;
			buildConfigurationList = 1ABFD0E12B7F147A00A678B9 /* Build configuration list for PBXNativeTarget "BS23iOSPracticalTest" */;
			buildPhases = (
				1ABFD0CF2B7F147800A678B9 /* Sources */,
				1ABFD0D02B7F147800A678B9 /* Frameworks */,
				1ABFD0D12B7F147800A678B9 /* Resources */,
			);
			buildRules = (
			);
			dependencies = (
			);
			name = BS23iOSPracticalTest;
			productName = BS23iOSPracticalTest;
			productReference = 1ABFD0D32B7F147800A678B9 /* BS23iOSPracticalTest.app */;
			productType = "com.apple.product-type.application";
		};
/* End PBXNativeTarget section */

/* Begin PBXProject section */
		1ABFD0CB2B7F147800A678B9 /* Project object */ = {
			isa = PBXProject;
			attributes = {
				BuildIndependentTargetsInParallel = 1;
				LastSwiftUpdateCheck = 1510;
				LastUpgradeCheck = 1510;
				TargetAttributes = {
					1ABFD0D22B7F147800A678B9 = {
						CreatedOnToolsVersion = 15.1;
					};
				};
			};
			buildConfigurationList = 1ABFD0CE2B7F147800A678B9 /* Build configuration list for PBXProject "BS23iOSPracticalTest" */;
			compatibilityVersion = "Xcode 14.0";
			developmentRegion = en;
			hasScannedForEncodings = 0;
			knownRegions = (
				en,
				Base,
			);
			mainGroup = 1ABFD0CA2B7F147800A678B9;
			productRefGroup = 1ABFD0D42B7F147800A678B9 /* Products */;
			projectDirPath = "";
			projectRoot = "";
			targets = (
				1ABFD0D22B7F147800A678B9 /* BS23iOSPracticalTest */,
			);
		};
/* End PBXProject section */

/* Begin PBXResourcesBuildPhase section */
		1ABFD0D12B7F147800A678B9 /* Resources */ = {
			isa = PBXResourcesBuildPhase;
			buildActionMask = 2147483647;
			files = (
				1ABFD0DE2B7F147A00A678B9 /* Preview Assets.xcassets in Resources */,
				1ABFD0DB2B7F147A00A678B9 /* Assets.xcassets in Resources */,
			);
			runOnlyForDeploymentPostprocessing = 0;
		};
/* End PBXResourcesBuildPhase section */

/* Begin PBXSourcesBuildPhase section */
		1ABFD0CF2B7F147800A678B9 /* Sources */ = {
			isa = PBXSourcesBuildPhase;
			buildActionMask = 2147483647;
			files = (
				1ABFD0EE2B7F15CB00A678B9 /* MovieListItemView.swift in Sources */,
				1ABFD0D92B7F147800A678B9 /* ContentView.swift in Sources */,
				1ABFD0D72B7F147800A678B9 /* BS23iOSPracticalTestApp.swift in Sources */,
				1ABFD0EA2B7F15A100A678B9 /* MovieListView.swift in Sources */,
				1ABFD0F02B7F15DE00A678B9 /* MovieListItemViewModel.swift in Sources */,
				1ABFD0EC2B7F15B600A678B9 /* MovieListViewModel.swift in Sources */,
			);
			runOnlyForDeploymentPostprocessing = 0;
		};
/* End PBXSourcesBuildPhase section */

/* Begin XCBuildConfiguration section */
		1ABFD0DF2B7F147A00A678B9 /* Debug */ = {
			isa = XCBuildConfiguration;
			buildSettings = {
				ALWAYS_SEARCH_USER_PATHS = NO;
				ASSETCATALOG_COMPILER_GENERATE_SWIFT_ASSET_SYMBOL_EXTENSIONS = YES;
				CLANG_ANALYZER_NONNULL = YES;
				CLANG_ANALYZER_NUMBER_OBJECT_CONVERSION = YES_AGGRESSIVE;
				CLANG_CXX_LANGUAGE_STANDARD = "gnu++20";
				CLANG_ENABLE_MODULES = YES;
				CLANG_ENABLE_OBJC_ARC = YES;
				CLANG_ENABLE_OBJC_WEAK = YES;
				CLANG_WARN_BLOCK_CAPTURE_AUTORELEASING = YES;
				CLANG_WARN_BOOL_CONVERSION = YES;
				CLANG_WARN_COMMA = YES;
				CLANG_WARN_CONSTANT_CONVERSION = YES;
				CLANG_WARN_DEPRECATED_OBJC_IMPLEMENTATIONS = YES;
				CLANG_WARN_DIRECT_OBJC_ISA_USAGE = YES_ERROR;
				CLANG_WARN_DOCUMENTATION_COMMENTS = YES;
				CLANG_WARN_EMPTY_BODY = YES;
				CLANG_WARN_ENUM_CONVERSION = YES;
				CLANG_WARN_INFINITE_RECURSION = YES;
				CLANG_WARN_INT_CONVERSION = YES;
				CLANG_WARN_NON_LITERAL_NULL_CONVERSION = YES;
				CLANG_WARN_OBJC_IMPLICIT_RETAIN_SELF = YES;
				CLANG_WARN_OBJC_LITERAL_CONVERSION = YES;
				CLANG_WARN_OBJC_ROOT_CLASS = YES_ERROR;
				CLANG_WARN_QUOTED_INCLUDE_IN_FRAMEWORK_HEADER = YES;
				CLANG_WARN_RANGE_LOOP_ANALYSIS = YES;
				CLANG_WARN_STRICT_PROTOTYPES = YES;
				CLANG_WARN_SUSPICIOUS_MOVE = YES;
				CLANG_WARN_UNGUARDED_AVAILABILITY = YES_AGGRESSIVE;
				CLANG_WARN_UNREACHABLE_CODE = YES;
				CLANG_WARN__DUPLICATE_METHOD_MATCH = YES;
				COPY_PHASE_STRIP = NO;
				DEBUG_INFORMATION_FORMAT = dwarf;
				ENABLE_STRICT_OBJC_MSGSEND = YES;
				ENABLE_TESTABILITY = YES;
				ENABLE_USER_SCRIPT_SANDBOXING = YES;
				GCC_C_LANGUAGE_STANDARD = gnu17;
				GCC_DYNAMIC_NO_PIC = NO;
				GCC_NO_COMMON_BLOCKS = YES;
				GCC_OPTIMIZATION_LEVEL = 0;
				GCC_PREPROCESSOR_DEFINITIONS = (
					"DEBUG=1",
					"$(inherited)",
				);
				GCC_WARN_64_TO_32_BIT_CONVERSION = YES;
				GCC_WARN_ABOUT_RETURN_TYPE = YES_ERROR;
				GCC_WARN_UNDECLARED_SELECTOR = YES;
				GCC_WARN_UNINITIALIZED_AUTOS = YES_AGGRESSIVE;
				GCC_WARN_UNUSED_FUNCTION = YES;
				GCC_WARN_UNUSED_VARIABLE = YES;
				IPHONEOS_DEPLOYMENT_TARGET = 17.2;
				LOCALIZATION_PREFERS_STRING_CATALOGS = YES;
				MTL_ENABLE_DEBUG_INFO = INCLUDE_SOURCE;
				MTL_FAST_MATH = YES;
				ONLY_ACTIVE_ARCH = YES;
				SDKROOT = iphoneos;
				SWIFT_ACTIVE_COMPILATION_CONDITIONS = "DEBUG $(inherited)";
				SWIFT_OPTIMIZATION_LEVEL = "-Onone";
			};
			name = Debug;
		};
		1ABFD0E02B7F147A00A678B9 /* Release */ = {
			isa = XCBuildConfiguration;
			buildSettings = {
				ALWAYS_SEARCH_USER_PATHS = NO;
				ASSETCATALOG_COMPILER_GENERATE_SWIFT_ASSET_SYMBOL_EXTENSIONS = YES;
				CLANG_ANALYZER_NONNULL = YES;
				CLANG_ANALYZER_NUMBER_OBJECT_CONVERSION = YES_AGGRESSIVE;
				CLANG_CXX_LANGUAGE_STANDARD = "gnu++20";
				CLANG_ENABLE_MODULES = YES;
				CLANG_ENABLE_OBJC_ARC = YES;
				CLANG_ENABLE_OBJC_WEAK = YES;
				CLANG_WARN_BLOCK_CAPTURE_AUTORELEASING = YES;
				CLANG_WARN_BOOL_CONVERSION = YES;
				CLANG_WARN_COMMA = YES;
				CLANG_WARN_CONSTANT_CONVERSION = YES;
				CLANG_WARN_DEPRECATED_OBJC_IMPLEMENTATIONS = YES;
				CLANG_WARN_DIRECT_OBJC_ISA_USAGE = YES_ERROR;
				CLANG_WARN_DOCUMENTATION_COMMENTS = YES;
				CLANG_WARN_EMPTY_BODY = YES;
				CLANG_WARN_ENUM_CONVERSION = YES;
				CLANG_WARN_INFINITE_RECURSION = YES;
				CLANG_WARN_INT_CONVERSION = YES;
				CLANG_WARN_NON_LITERAL_NULL_CONVERSION = YES;
				CLANG_WARN_OBJC_IMPLICIT_RETAIN_SELF = YES;
				CLANG_WARN_OBJC_LITERAL_CONVERSION = YES;
				CLANG_WARN_OBJC_ROOT_CLASS = YES_ERROR;
				CLANG_WARN_QUOTED_INCLUDE_IN_FRAMEWORK_HEADER = YES;
				CLANG_WARN_RANGE_LOOP_ANALYSIS = YES;
				CLANG_WARN_STRICT_PROTOTYPES = YES;
				CLANG_WARN_SUSPICIOUS_MOVE = YES;
				CLANG_WARN_UNGUARDED_AVAILABILITY = YES_AGGRESSIVE;
				CLANG_WARN_UNREACHABLE_CODE = YES;
				CLANG_WARN__DUPLICATE_METHOD_MATCH = YES;
				COPY_PHASE_STRIP = NO;
				DEBUG_INFORMATION_FORMAT = "dwarf-with-dsym";
				ENABLE_NS_ASSERTIONS = NO;
				ENABLE_STRICT_OBJC_MSGSEND = YES;
				ENABLE_USER_SCRIPT_SANDBOXING = YES;
				GCC_C_LANGUAGE_STANDARD = gnu17;
				GCC_NO_COMMON_BLOCKS = YES;
				GCC_WARN_64_TO_32_BIT_CONVERSION = YES;
				GCC_WARN_ABOUT_RETURN_TYPE = YES_ERROR;
				GCC_WARN_UNDECLARED_SELECTOR = YES;
				GCC_WARN_UNINITIALIZED_AUTOS = YES_AGGRESSIVE;
				GCC_WARN_UNUSED_FUNCTION = YES;
				GCC_WARN_UNUSED_VARIABLE = YES;
				IPHONEOS_DEPLOYMENT_TARGET = 17.2;
				LOCALIZATION_PREFERS_STRING_CATALOGS = YES;
				MTL_ENABLE_DEBUG_INFO = NO;
				MTL_FAST_MATH = YES;
				SDKROOT = iphoneos;
				SWIFT_COMPILATION_MODE = wholemodule;
				VALIDATE_PRODUCT = YES;
			};
			name = Release;
		};
		1ABFD0E22B7F147A00A678B9 /* Debug */ = {
			isa = XCBuildConfiguration;
			buildSettings = {
				ASSETCATALOG_COMPILER_APPICON_NAME = AppIcon;
				ASSETCATALOG_COMPILER_GLOBAL_ACCENT_COLOR_NAME = AccentColor;
				CODE_SIGN_STYLE = Automatic;
				CURRENT_PROJECT_VERSION = 1;
				DEVELOPMENT_ASSET_PATHS = "\"BS23iOSPracticalTest/Preview Content\"";
				DEVELOPMENT_TEAM = DPTVNYZ67M;
				ENABLE_PREVIEWS = YES;
				GENERATE_INFOPLIST_FILE = YES;
				INFOPLIST_KEY_UIApplicationSceneManifest_Generation = YES;
				INFOPLIST_KEY_UIApplicationSupportsIndirectInputEvents = YES;
				INFOPLIST_KEY_UILaunchScreen_Generation = YES;
				INFOPLIST_KEY_UISupportedInterfaceOrientations_iPad = "UIInterfaceOrientationPortrait UIInterfaceOrientationPortraitUpsideDown UIInterfaceOrientationLandscapeLeft UIInterfaceOrientationLandscapeRight";
				INFOPLIST_KEY_UISupportedInterfaceOrientations_iPhone = "UIInterfaceOrientationPortrait UIInterfaceOrientationLandscapeLeft UIInterfaceOrientationLandscapeRight";
				LD_RUNPATH_SEARCH_PATHS = (
					"$(inherited)",
					"@executable_path/Frameworks",
				);
				MARKETING_VERSION = 1.0;
				PRODUCT_BUNDLE_IDENTIFIER = ash.man.BS23iOSPracticalTest;
				PRODUCT_NAME = "$(TARGET_NAME)";
				SWIFT_EMIT_LOC_STRINGS = YES;
				SWIFT_VERSION = 5.0;
				TARGETED_DEVICE_FAMILY = "1,2";
			};
			name = Debug;
		};
		1ABFD0E32B7F147A00A678B9 /* Release */ = {
			isa = XCBuildConfiguration;
			buildSettings = {
				ASSETCATALOG_COMPILER_APPICON_NAME = AppIcon;
				ASSETCATALOG_COMPILER_GLOBAL_ACCENT_COLOR_NAME = AccentColor;
				CODE_SIGN_STYLE = Automatic;
				CURRENT_PROJECT_VERSION = 1;
				DEVELOPMENT_ASSET_PATHS = "\"BS23iOSPracticalTest/Preview Content\"";
				DEVELOPMENT_TEAM = DPTVNYZ67M;
				ENABLE_PREVIEWS = YES;
				GENERATE_INFOPLIST_FILE = YES;
				INFOPLIST_KEY_UIApplicationSceneManifest_Generation = YES;
				INFOPLIST_KEY_UIApplicationSupportsIndirectInputEvents = YES;
				INFOPLIST_KEY_UILaunchScreen_Generation = YES;
				INFOPLIST_KEY_UISupportedInterfaceOrientations_iPad = "UIInterfaceOrientationPortrait UIInterfaceOrientationPortraitUpsideDown UIInterfaceOrientationLandscapeLeft UIInterfaceOrientationLandscapeRight";
				INFOPLIST_KEY_UISupportedInterfaceOrientations_iPhone = "UIInterfaceOrientationPortrait UIInterfaceOrientationLandscapeLeft UIInterfaceOrientationLandscapeRight";
				LD_RUNPATH_SEARCH_PATHS = (
					"$(inherited)",
					"@executable_path/Frameworks",
				);
				MARKETING_VERSION = 1.0;
				PRODUCT_BUNDLE_IDENTIFIER = ash.man.BS23iOSPracticalTest;
				PRODUCT_NAME = "$(TARGET_NAME)";
				SWIFT_EMIT_LOC_STRINGS = YES;
				SWIFT_VERSION = 5.0;
				TARGETED_DEVICE_FAMILY = "1,2";
			};
			name = Release;
		};
/* End XCBuildConfiguration section */

/* Begin XCConfigurationList section */
		1ABFD0CE2B7F147800A678B9 /* Build configuration list for PBXProject "BS23iOSPracticalTest" */ = {
			isa = XCConfigurationList;
			buildConfigurations = (
				1ABFD0DF2B7F147A00A678B9 /* Debug */,
				1ABFD0E02B7F147A00A678B9 /* Release */,
			);
			defaultConfigurationIsVisible = 0;
			defaultConfigurationName = Release;
		};
		1ABFD0E12B7F147A00A678B9 /* Build configuration list for PBXNativeTarget "BS23iOSPracticalTest" */ = {
			isa = XCConfigurationList;
			buildConfigurations = (
				1ABFD0E22B7F147A00A678B9 /* Debug */,
				1ABFD0E32B7F147A00A678B9 /* Release */,
			);
			defaultConfigurationIsVisible = 0;
			defaultConfigurationName = Release;
		};
/* End XCConfigurationList section */
	};
	rootObject = 1ABFD0CB2B7F147800A678B9 /* Project object */;
}
